// !$*UTF8*$!
{
	archiveVersion = 1;
	classes = {
	};
	objectVersion = 46;
	objects = {

/* Begin PBXBuildFile section */
		01308D9313491C3500453707 /* UIKit.framework in Frameworks */ = {isa = PBXBuildFile; fileRef = 01308D9213491C3500453707 /* UIKit.framework */; };
		01308D9513491C3500453707 /* Foundation.framework in Frameworks */ = {isa = PBXBuildFile; fileRef = 01308D9413491C3500453707 /* Foundation.framework */; };
		01308D9713491C3500453707 /* CoreGraphics.framework in Frameworks */ = {isa = PBXBuildFile; fileRef = 01308D9613491C3500453707 /* CoreGraphics.framework */; };
		01308DC013491F7200453707 /* QuartzCore.framework in Frameworks */ = {isa = PBXBuildFile; fileRef = 01308DBF13491F7200453707 /* QuartzCore.framework */; };
		0148358813A36C2000E687AC /* main.m in Sources */ = {isa = PBXBuildFile; fileRef = 0148358313A36C2000E687AC /* main.m */; };
		0148359313A36C3700E687AC /* iCarouselExampleViewController.m in Sources */ = {isa = PBXBuildFile; fileRef = 0148358B13A36C3700E687AC /* iCarouselExampleViewController.m */; };
		0148359413A36C3700E687AC /* iCarouselExampleAppDelegate.m in Sources */ = {isa = PBXBuildFile; fileRef = 0148358D13A36C3700E687AC /* iCarouselExampleAppDelegate.m */; };
		0148359513A36C3700E687AC /* MainWindow.xib in Resources */ = {isa = PBXBuildFile; fileRef = 0148358F13A36C3700E687AC /* MainWindow.xib */; };
		0148359613A36C3700E687AC /* iCarouselExampleViewController.xib in Resources */ = {isa = PBXBuildFile; fileRef = 0148359113A36C3700E687AC /* iCarouselExampleViewController.xib */; };
		018AE98A179D7EBA00FB7311 /* Default-568h@2x.png in Resources */ = {isa = PBXBuildFile; fileRef = 018AE989179D7EBA00FB7311 /* Default-568h@2x.png */; };
		B2E5E6C1146145C900EADB7A /* iCarousel.m in Sources */ = {isa = PBXBuildFile; fileRef = B2E5E6C0146145C900EADB7A /* iCarousel.m */; };
		B2E5E72D1461544B00EADB7A /* background.png in Resources */ = {isa = PBXBuildFile; fileRef = B2E5E72B1461544B00EADB7A /* background.png */; };
		B2E5E72E1461544B00EADB7A /* page.png in Resources */ = {isa = PBXBuildFile; fileRef = B2E5E72C1461544B00EADB7A /* page.png */; };
/* End PBXBuildFile section */

/* Begin PBXFileReference section */
		01308D9213491C3500453707 /* UIKit.framework */ = {isa = PBXFileReference; lastKnownFileType = wrapper.framework; name = UIKit.framework; path = System/Library/Frameworks/UIKit.framework; sourceTree = SDKROOT; };
		01308D9413491C3500453707 /* Foundation.framework */ = {isa = PBXFileReference; lastKnownFileType = wrapper.framework; name = Foundation.framework; path = System/Library/Frameworks/Foundation.framework; sourceTree = SDKROOT; };
		01308D9613491C3500453707 /* CoreGraphics.framework */ = {isa = PBXFileReference; lastKnownFileType = wrapper.framework; name = CoreGraphics.framework; path = System/Library/Frameworks/CoreGraphics.framework; sourceTree = SDKROOT; };
		01308DBF13491F7200453707 /* QuartzCore.framework */ = {isa = PBXFileReference; lastKnownFileType = wrapper.framework; name = QuartzCore.framework; path = System/Library/Frameworks/QuartzCore.framework; sourceTree = SDKROOT; };
		0148358313A36C2000E687AC /* main.m */ = {isa = PBXFileReference; fileEncoding = 4; lastKnownFileType = sourcecode.c.objc; path = main.m; sourceTree = SOURCE_ROOT; };
		0148358413A36C2000E687AC /* iCarouselExample-Info.plist */ = {isa = PBXFileReference; fileEncoding = 4; lastKnownFileType = text.plist.xml; path = "iCarouselExample-Info.plist"; sourceTree = SOURCE_ROOT; };
		0148358513A36C2000E687AC /* iCarouselExample-Prefix.pch */ = {isa = PBXFileReference; fileEncoding = 4; lastKnownFileType = sourcecode.c.h; path = "iCarouselExample-Prefix.pch"; sourceTree = SOURCE_ROOT; };
		0148358713A36C2000E687AC /* en */ = {isa = PBXFileReference; lastKnownFileType = text.plist.strings; name = en; path = en.lproj/InfoPlist.strings; sourceTree = SOURCE_ROOT; };
		0148358B13A36C3700E687AC /* iCarouselExampleViewController.m */ = {isa = PBXFileReference; fileEncoding = 4; lastKnownFileType = sourcecode.c.objc; path = iCarouselExampleViewController.m; sourceTree = SOURCE_ROOT; };
		0148358C13A36C3700E687AC /* iCarouselExampleViewController.h */ = {isa = PBXFileReference; fileEncoding = 4; lastKnownFileType = sourcecode.c.h; path = iCarouselExampleViewController.h; sourceTree = SOURCE_ROOT; };
		0148358D13A36C3700E687AC /* iCarouselExampleAppDelegate.m */ = {isa = PBXFileReference; fileEncoding = 4; lastKnownFileType = sourcecode.c.objc; path = iCarouselExampleAppDelegate.m; sourceTree = SOURCE_ROOT; };
		0148358E13A36C3700E687AC /* iCarouselExampleAppDelegate.h */ = {isa = PBXFileReference; fileEncoding = 4; lastKnownFileType = sourcecode.c.h; path = iCarouselExampleAppDelegate.h; sourceTree = SOURCE_ROOT; };
		0148359013A36C3700E687AC /* en */ = {isa = PBXFileReference; lastKnownFileType = file.xib; name = en; path = en.lproj/MainWindow.xib; sourceTree = SOURCE_ROOT; };
		0148359213A36C3700E687AC /* en */ = {isa = PBXFileReference; lastKnownFileType = file.xib; name = en; path = en.lproj/iCarouselExampleViewController.xib; sourceTree = SOURCE_ROOT; };
		018AE989179D7EBA00FB7311 /* Default-568h@2x.png */ = {isa = PBXFileReference; lastKnownFileType = image.png; path = "Default-568h@2x.png"; sourceTree = SOURCE_ROOT; };
		018BBCB413A375AF005CA505 /* iCarouselExample.app */ = {isa = PBXFileReference; explicitFileType = wrapper.application; includeInIndex = 0; path = iCarouselExample.app; sourceTree = BUILT_PRODUCTS_DIR; };
		B2E5E6BF146145C900EADB7A /* iCarousel.h */ = {isa = PBXFileReference; fileEncoding = 4; lastKnownFileType = sourcecode.c.h; path = iCarousel.h; sourceTree = "<group>"; };
		B2E5E6C0146145C900EADB7A /* iCarousel.m */ = {isa = PBXFileReference; fileEncoding = 4; lastKnownFileType = sourcecode.c.objc; path = iCarousel.m; sourceTree = "<group>"; };
		B2E5E72B1461544B00EADB7A /* background.png */ = {isa = PBXFileReference; lastKnownFileType = image.png; name = background.png; path = ../Resources/background.png; sourceTree = SOURCE_ROOT; };
		B2E5E72C1461544B00EADB7A /* page.png */ = {isa = PBXFileReference; lastKnownFileType = image.png; name = page.png; path = ../Resources/page.png; sourceTree = SOURCE_ROOT; };
/* End PBXFileReference section */

/* Begin PBXFrameworksBuildPhase section */
		01308D8B13491C3500453707 /* Frameworks */ = {
			isa = PBXFrameworksBuildPhase;
			buildActionMask = 2147483647;
			files = (
				01308DC013491F7200453707 /* QuartzCore.framework in Frameworks */,
				01308D9313491C3500453707 /* UIKit.framework in Frameworks */,
				01308D9513491C3500453707 /* Foundation.framework in Frameworks */,
				01308D9713491C3500453707 /* CoreGraphics.framework in Frameworks */,
			);
			runOnlyForDeploymentPostprocessing = 0;
		};
/* End PBXFrameworksBuildPhase section */

/* Begin PBXGroup section */
		01308D8313491C3500453707 = {
			isa = PBXGroup;
			children = (
				B2E5E6BE146145C900EADB7A /* iCarousel */,
				01308D9813491C3500453707 /* iCarouselExample */,
				01308D9113491C3500453707 /* Frameworks */,
				01308D8F13491C3500453707 /* Products */,
			);
			sourceTree = "<group>";
		};
		01308D8F13491C3500453707 /* Products */ = {
			isa = PBXGroup;
			children = (
				018BBCB413A375AF005CA505 /* iCarouselExample.app */,
			);
			name = Products;
			sourceTree = "<group>";
		};
		01308D9113491C3500453707 /* Frameworks */ = {
			isa = PBXGroup;
			children = (
				01308DBF13491F7200453707 /* QuartzCore.framework */,
				01308D9213491C3500453707 /* UIKit.framework */,
				01308D9413491C3500453707 /* Foundation.framework */,
				01308D9613491C3500453707 /* CoreGraphics.framework */,
			);
			name = Frameworks;
			sourceTree = "<group>";
		};
		01308D9813491C3500453707 /* iCarouselExample */ = {
			isa = PBXGroup;
			children = (
				0148358B13A36C3700E687AC /* iCarouselExampleViewController.m */,
				0148358C13A36C3700E687AC /* iCarouselExampleViewController.h */,
				0148358D13A36C3700E687AC /* iCarouselExampleAppDelegate.m */,
				0148358E13A36C3700E687AC /* iCarouselExampleAppDelegate.h */,
				0148358F13A36C3700E687AC /* MainWindow.xib */,
				0148359113A36C3700E687AC /* iCarouselExampleViewController.xib */,
				B2E5E72A1461543E00EADB7A /* Resources */,
				01308D9913491C3500453707 /* Supporting Files */,
			);
			path = iCarouselExample;
			sourceTree = "<group>";
		};
		01308D9913491C3500453707 /* Supporting Files */ = {
			isa = PBXGroup;
			children = (
				018AE989179D7EBA00FB7311 /* Default-568h@2x.png */,
				0148358313A36C2000E687AC /* main.m */,
				0148358413A36C2000E687AC /* iCarouselExample-Info.plist */,
				0148358513A36C2000E687AC /* iCarouselExample-Prefix.pch */,
				0148358613A36C2000E687AC /* InfoPlist.strings */,
			);
			name = "Supporting Files";
			sourceTree = "<group>";
		};
		B2E5E6BE146145C900EADB7A /* iCarousel */ = {
			isa = PBXGroup;
			children = (
				B2E5E6BF146145C900EADB7A /* iCarousel.h */,
				B2E5E6C0146145C900EADB7A /* iCarousel.m */,
			);
			name = iCarousel;
			path = ../../iCarousel;
			sourceTree = "<group>";
		};
		B2E5E72A1461543E00EADB7A /* Resources */ = {
			isa = PBXGroup;
			children = (
				B2E5E72B1461544B00EADB7A /* background.png */,
				B2E5E72C1461544B00EADB7A /* page.png */,
			);
			name = Resources;
			sourceTree = "<group>";
		};
/* End PBXGroup section */

/* Begin PBXNativeTarget section */
		01308D8D13491C3500453707 /* iCarouselExample */ = {
			isa = PBXNativeTarget;
			buildConfigurationList = 01308DAF13491C3500453707 /* Build configuration list for PBXNativeTarget "iCarouselExample" */;
			buildPhases = (
				01308D8A13491C3500453707 /* Sources */,
				01308D8B13491C3500453707 /* Frameworks */,
				01308D8C13491C3500453707 /* Resources */,
			);
			buildRules = (
			);
			dependencies = (
			);
			name = iCarouselExample;
			productName = iCarouselExample;
			productReference = 018BBCB413A375AF005CA505 /* iCarouselExample.app */;
			productType = "com.apple.product-type.application";
		};
/* End PBXNativeTarget section */

/* Begin PBXProject section */
		01308D8513491C3500453707 /* Project object */ = {
			isa = PBXProject;
			attributes = {
				LastUpgradeCheck = 0500;
			};
			buildConfigurationList = 01308D8813491C3500453707 /* Build configuration list for PBXProject "iCarouselExample" */;
			compatibilityVersion = "Xcode 3.2";
			developmentRegion = English;
			hasScannedForEncodings = 0;
			knownRegions = (
				en,
			);
			mainGroup = 01308D8313491C3500453707;
			productRefGroup = 01308D8F13491C3500453707 /* Products */;
			projectDirPath = "";
			projectRoot = "";
			targets = (
				01308D8D13491C3500453707 /* iCarouselExample */,
			);
		};
/* End PBXProject section */

/* Begin PBXResourcesBuildPhase section */
		01308D8C13491C3500453707 /* Resources */ = {
			isa = PBXResourcesBuildPhase;
			buildActionMask = 2147483647;
			files = (
				0148359513A36C3700E687AC /* MainWindow.xib in Resources */,
				0148359613A36C3700E687AC /* iCarouselExampleViewController.xib in Resources */,
				B2E5E72D1461544B00EADB7A /* background.png in Resources */,
				B2E5E72E1461544B00EADB7A /* page.png in Resources */,
				018AE98A179D7EBA00FB7311 /* Default-568h@2x.png in Resources */,
			);
			runOnlyForDeploymentPostprocessing = 0;
		};
/* End PBXResourcesBuildPhase section */

/* Begin PBXSourcesBuildPhase section */
		01308D8A13491C3500453707 /* Sources */ = {
			isa = PBXSourcesBuildPhase;
			buildActionMask = 2147483647;
			files = (
				0148358813A36C2000E687AC /* main.m in Sources */,
				0148359313A36C3700E687AC /* iCarouselExampleViewController.m in Sources */,
				0148359413A36C3700E687AC /* iCarouselExampleAppDelegate.m in Sources */,
				B2E5E6C1146145C900EADB7A /* iCarousel.m in Sources */,
			);
			runOnlyForDeploymentPostprocessing = 0;
		};
/* End PBXSourcesBuildPhase section */

/* Begin PBXVariantGroup section */
		0148358613A36C2000E687AC /* InfoPlist.strings */ = {
			isa = PBXVariantGroup;
			children = (
				0148358713A36C2000E687AC /* en */,
			);
			name = InfoPlist.strings;
			sourceTree = "<group>";
		};
		0148358F13A36C3700E687AC /* MainWindow.xib */ = {
			isa = PBXVariantGroup;
			children = (
				0148359013A36C3700E687AC /* en */,
			);
			name = MainWindow.xib;
			sourceTree = "<group>";
		};
		0148359113A36C3700E687AC /* iCarouselExampleViewController.xib */ = {
			isa = PBXVariantGroup;
			children = (
				0148359213A36C3700E687AC /* en */,
			);
			name = iCarouselExampleViewController.xib;
			sourceTree = "<group>";
		};
/* End PBXVariantGroup section */

/* Begin XCBuildConfiguration section */
		01308DAD13491C3500453707 /* Debug */ = {
			isa = XCBuildConfiguration;
			buildSettings = {
				"CODE_SIGN_IDENTITY[sdk=iphoneos*]" = "iPhone Developer";
				GCC_C_LANGUAGE_STANDARD = gnu99;
				GCC_OPTIMIZATION_LEVEL = 0;
				GCC_PREPROCESSOR_DEFINITIONS = DEBUG;
				GCC_SYMBOLS_PRIVATE_EXTERN = NO;
				GCC_VERSION = com.apple.compilers.llvmgcc42;
				GCC_WARN_ABOUT_RETURN_TYPE = YES;
				GCC_WARN_UNUSED_VARIABLE = YES;
				IPHONEOS_DEPLOYMENT_TARGET = 4.2;
				ONLY_ACTIVE_ARCH = YES;
				RUN_CLANG_STATIC_ANALYZER = YES;
				SDKROOT = iphoneos;
			};
			name = Debug;
		};
		01308DAE13491C3500453707 /* Release */ = {
			isa = XCBuildConfiguration;
			buildSettings = {
				"CODE_SIGN_IDENTITY[sdk=iphoneos*]" = "iPhone Developer";
				GCC_C_LANGUAGE_STANDARD = gnu99;
				GCC_VERSION = com.apple.compilers.llvmgcc42;
				GCC_WARN_ABOUT_RETURN_TYPE = YES;
				GCC_WARN_UNUSED_VARIABLE = YES;
				IPHONEOS_DEPLOYMENT_TARGET = 4.2;
				OTHER_CFLAGS = "-DNS_BLOCK_ASSERTIONS=1";
				RUN_CLANG_STATIC_ANALYZER = YES;
				SDKROOT = iphoneos;
			};
			name = Release;
		};
		01308DB013491C3500453707 /* Debug */ = {
			isa = XCBuildConfiguration;
			buildSettings = {
				ALWAYS_SEARCH_USER_PATHS = NO;
				CLANG_ENABLE_OBJC_ARC = YES;
				COPY_PHASE_STRIP = NO;
				GCC_DYNAMIC_NO_PIC = NO;
				GCC_PRECOMPILE_PREFIX_HEADER = YES;
				GCC_PREFIX_HEADER = "iCarouselExample-Prefix.pch";
				GCC_THUMB_SUPPORT = NO;
				GCC_VERSION = com.apple.compilers.llvm.clang.1_0;
				INFOPLIST_FILE = "iCarouselExample-Info.plist";
				IPHONEOS_DEPLOYMENT_TARGET = 3.2;
				PRODUCT_NAME = iCarouselExample;
				TARGETED_DEVICE_FAMILY = "1,2";
				WRAPPER_EXTENSION = app;
			};
			name = Debug;
		};
		01308DB113491C3500453707 /* Release */ = {
			isa = XCBuildConfiguration;
			buildSettings = {
				ALWAYS_SEARCH_USER_PATHS = NO;
				CLANG_ENABLE_OBJC_ARC = YES;
				COPY_PHASE_STRIP = YES;
				GCC_PRECOMPILE_PREFIX_HEADER = YES;
				GCC_PREFIX_HEADER = "iCarouselExample-Prefix.pch";
				GCC_THUMB_SUPPORT = NO;
				GCC_VERSION = com.apple.compilers.llvm.clang.1_0;
				INFOPLIST_FILE = "iCarouselExample-Info.plist";
				IPHONEOS_DEPLOYMENT_TARGET = 3.2;
				PRODUCT_NAME = iCarouselExample;
				TARGETED_DEVICE_FAMILY = "1,2";
				VALIDATE_PRODUCT = YES;
				WRAPPER_EXTENSION = app;
			};
			name = Release;
		};
/* End XCBuildConfiguration section */

/* Begin XCConfigurationList section */
		01308D8813491C3500453707 /* Build configuration list for PBXProject "iCarouselExample" */ = {
			isa = XCConfigurationList;
			buildConfigurations = (
				01308DAD13491C3500453707 /* Debug */,
				01308DAE13491C3500453707 /* Release */,
			);
			defaultConfigurationIsVisible = 0;
			defaultConfigurationName = Release;
		};
		01308DAF13491C3500453707 /* Build configuration list for PBXNativeTarget "iCarouselExample" */ = {
			isa = XCConfigurationList;
			buildConfigurations = (
				01308DB013491C3500453707 /* Debug */,
				01308DB113491C3500453707 /* Release */,
			);
			defaultConfigurationIsVisible = 0;
			defaultConfigurationName = Release;
		};
/* End XCConfigurationList section */
	};
	rootObject = 01308D8513491C3500453707 /* Project object */;
}
