// !$*UTF8*$!
{
	archiveVersion = 1;
	classes = {
	};
	objectVersion = 46;
	objects = {

/* Begin PBXBuildFile section */
		0134186213A4030B0030BB65 /* QuartzCore.framework in Frameworks */ = {isa = PBXBuildFile; fileRef = 0134186113A4030B0030BB65 /* QuartzCore.framework */; };
		018BBC6913A37041005CA505 /* Cocoa.framework in Frameworks */ = {isa = PBXBuildFile; fileRef = 018BBC6813A37041005CA505 /* Cocoa.framework */; };
		018BBC7313A37041005CA505 /* InfoPlist.strings in Resources */ = {isa = PBXBuildFile; fileRef = 018BBC7113A37041005CA505 /* InfoPlist.strings */; };
		018BBC7613A37041005CA505 /* main.m in Sources */ = {isa = PBXBuildFile; fileRef = 018BBC7513A37041005CA505 /* main.m */; };
		018BBC7913A37041005CA505 /* Credits.rtf in Resources */ = {isa = PBXBuildFile; fileRef = 018BBC7713A37041005CA505 /* Credits.rtf */; };
		018BBC7C13A37041005CA505 /* iCarouselMacAppDelegate.m in Sources */ = {isa = PBXBuildFile; fileRef = 018BBC7B13A37041005CA505 /* iCarouselMacAppDelegate.m */; };
		018BBC9E13A37314005CA505 /* iCarouselWindowController.m in Sources */ = {isa = PBXBuildFile; fileRef = 018BBC9D13A37314005CA505 /* iCarouselWindowController.m */; };
		B2E5E6F3146151F900EADB7A /* MainMenu.xib in Resources */ = {isa = PBXBuildFile; fileRef = B2E5E6F1146151F900EADB7A /* MainMenu.xib */; };
		B2E5E6FC1461524900EADB7A /* iCarousel.m in Sources */ = {isa = PBXBuildFile; fileRef = B2E5E6FB1461524900EADB7A /* iCarousel.m */; };
		B2E5E7001461526300EADB7A /* background.png in Resources */ = {isa = PBXBuildFile; fileRef = B2E5E6FE1461526300EADB7A /* background.png */; };
		B2E5E7011461526300EADB7A /* page.png in Resources */ = {isa = PBXBuildFile; fileRef = B2E5E6FF1461526300EADB7A /* page.png */; };
/* End PBXBuildFile section */

/* Begin PBXFileReference section */
		0134186113A4030B0030BB65 /* QuartzCore.framework */ = {isa = PBXFileReference; lastKnownFileType = wrapper.framework; name = QuartzCore.framework; path = System/Library/Frameworks/QuartzCore.framework; sourceTree = SDKROOT; };
		018BBC6413A37041005CA505 /* iCarouselMac.app */ = {isa = PBXFileReference; explicitFileType = wrapper.application; includeInIndex = 0; path = iCarouselMac.app; sourceTree = BUILT_PRODUCTS_DIR; };
		018BBC6813A37041005CA505 /* Cocoa.framework */ = {isa = PBXFileReference; lastKnownFileType = wrapper.framework; name = Cocoa.framework; path = System/Library/Frameworks/Cocoa.framework; sourceTree = SDKROOT; };
		018BBC6B13A37041005CA505 /* AppKit.framework */ = {isa = PBXFileReference; lastKnownFileType = wrapper.framework; name = AppKit.framework; path = System/Library/Frameworks/AppKit.framework; sourceTree = SDKROOT; };
		018BBC6C13A37041005CA505 /* CoreData.framework */ = {isa = PBXFileReference; lastKnownFileType = wrapper.framework; name = CoreData.framework; path = System/Library/Frameworks/CoreData.framework; sourceTree = SDKROOT; };
		018BBC6D13A37041005CA505 /* Foundation.framework */ = {isa = PBXFileReference; lastKnownFileType = wrapper.framework; name = Foundation.framework; path = System/Library/Frameworks/Foundation.framework; sourceTree = SDKROOT; };
		018BBC7013A37041005CA505 /* iCarouselMac-Info.plist */ = {isa = PBXFileReference; lastKnownFileType = text.plist.xml; path = "iCarouselMac-Info.plist"; sourceTree = "<group>"; };
		018BBC7213A37041005CA505 /* en */ = {isa = PBXFileReference; lastKnownFileType = text.plist.strings; name = en; path = en.lproj/InfoPlist.strings; sourceTree = "<group>"; };
		018BBC7413A37041005CA505 /* iCarouselMac-Prefix.pch */ = {isa = PBXFileReference; lastKnownFileType = sourcecode.c.h; path = "iCarouselMac-Prefix.pch"; sourceTree = "<group>"; };
		018BBC7513A37041005CA505 /* main.m */ = {isa = PBXFileReference; lastKnownFileType = sourcecode.c.objc; path = main.m; sourceTree = "<group>"; };
		018BBC7813A37041005CA505 /* en */ = {isa = PBXFileReference; lastKnownFileType = text.rtf; name = en; path = en.lproj/Credits.rtf; sourceTree = "<group>"; };
		018BBC7A13A37041005CA505 /* iCarouselMacAppDelegate.h */ = {isa = PBXFileReference; lastKnownFileType = sourcecode.c.h; path = iCarouselMacAppDelegate.h; sourceTree = "<group>"; };
		018BBC7B13A37041005CA505 /* iCarouselMacAppDelegate.m */ = {isa = PBXFileReference; lastKnownFileType = sourcecode.c.objc; path = iCarouselMacAppDelegate.m; sourceTree = "<group>"; };
		018BBC9C13A37314005CA505 /* iCarouselWindowController.h */ = {isa = PBXFileReference; fileEncoding = 4; lastKnownFileType = sourcecode.c.h; path = iCarouselWindowController.h; sourceTree = "<group>"; };
		018BBC9D13A37314005CA505 /* iCarouselWindowController.m */ = {isa = PBXFileReference; fileEncoding = 4; lastKnownFileType = sourcecode.c.objc; path = iCarouselWindowController.m; sourceTree = "<group>"; };
		B2E5E6F2146151F900EADB7A /* en */ = {isa = PBXFileReference; lastKnownFileType = file.xib; name = en; path = en.lproj/MainMenu.xib; sourceTree = "<group>"; };
		B2E5E6FA1461524900EADB7A /* iCarousel.h */ = {isa = PBXFileReference; fileEncoding = 4; lastKnownFileType = sourcecode.c.h; path = iCarousel.h; sourceTree = "<group>"; };
		B2E5E6FB1461524900EADB7A /* iCarousel.m */ = {isa = PBXFileReference; fileEncoding = 4; lastKnownFileType = sourcecode.c.objc; path = iCarousel.m; sourceTree = "<group>"; };
		B2E5E6FE1461526300EADB7A /* background.png */ = {isa = PBXFileReference; lastKnownFileType = image.png; path = background.png; sourceTree = "<group>"; };
		B2E5E6FF1461526300EADB7A /* page.png */ = {isa = PBXFileReference; lastKnownFileType = image.png; path = page.png; sourceTree = "<group>"; };
/* End PBXFileReference section */

/* Begin PBXFrameworksBuildPhase section */
		018BBC6113A37041005CA505 /* Frameworks */ = {
			isa = PBXFrameworksBuildPhase;
			buildActionMask = 2147483647;
			files = (
				0134186213A4030B0030BB65 /* QuartzCore.framework in Frameworks */,
				018BBC6913A37041005CA505 /* Cocoa.framework in Frameworks */,
			);
			runOnlyForDeploymentPostprocessing = 0;
		};
/* End PBXFrameworksBuildPhase section */

/* Begin PBXGroup section */
		018BBC5913A37041005CA505 = {
			isa = PBXGroup;
			children = (
				B2E5E6F91461524800EADB7A /* iCarousel */,
				018BBC6E13A37041005CA505 /* iCarouselMac */,
				018BBC6713A37041005CA505 /* Frameworks */,
				018BBC6513A37041005CA505 /* Products */,
			);
			sourceTree = "<group>";
		};
		018BBC6513A37041005CA505 /* Products */ = {
			isa = PBXGroup;
			children = (
				018BBC6413A37041005CA505 /* iCarouselMac.app */,
			);
			name = Products;
			sourceTree = "<group>";
		};
		018BBC6713A37041005CA505 /* Frameworks */ = {
			isa = PBXGroup;
			children = (
				0134186113A4030B0030BB65 /* QuartzCore.framework */,
				018BBC6813A37041005CA505 /* Cocoa.framework */,
				018BBC6A13A37041005CA505 /* Other Frameworks */,
			);
			name = Frameworks;
			sourceTree = "<group>";
		};
		018BBC6A13A37041005CA505 /* Other Frameworks */ = {
			isa = PBXGroup;
			children = (
				018BBC6B13A37041005CA505 /* AppKit.framework */,
				018BBC6C13A37041005CA505 /* CoreData.framework */,
				018BBC6D13A37041005CA505 /* Foundation.framework */,
			);
			name = "Other Frameworks";
			sourceTree = "<group>";
		};
		018BBC6E13A37041005CA505 /* iCarouselMac */ = {
			isa = PBXGroup;
			children = (
				018BBC7A13A37041005CA505 /* iCarouselMacAppDelegate.h */,
				018BBC7B13A37041005CA505 /* iCarouselMacAppDelegate.m */,
				018BBC9C13A37314005CA505 /* iCarouselWindowController.h */,
				018BBC9D13A37314005CA505 /* iCarouselWindowController.m */,
				B2E5E6F1146151F900EADB7A /* MainMenu.xib */,
				B2E5E6FD1461526300EADB7A /* Resources */,
				018BBC6F13A37041005CA505 /* Supporting Files */,
			);
			path = iCarouselMac;
			sourceTree = "<group>";
		};
		018BBC6F13A37041005CA505 /* Supporting Files */ = {
			isa = PBXGroup;
			children = (
				018BBC7013A37041005CA505 /* iCarouselMac-Info.plist */,
				018BBC7113A37041005CA505 /* InfoPlist.strings */,
				018BBC7413A37041005CA505 /* iCarouselMac-Prefix.pch */,
				018BBC7513A37041005CA505 /* main.m */,
				018BBC7713A37041005CA505 /* Credits.rtf */,
			);
			name = "Supporting Files";
			sourceTree = "<group>";
		};
		B2E5E6F91461524800EADB7A /* iCarousel */ = {
			isa = PBXGroup;
			children = (
				B2E5E6FA1461524900EADB7A /* iCarousel.h */,
				B2E5E6FB1461524900EADB7A /* iCarousel.m */,
			);
			name = iCarousel;
			path = ../../iCarousel;
			sourceTree = "<group>";
		};
		B2E5E6FD1461526300EADB7A /* Resources */ = {
			isa = PBXGroup;
			children = (
				B2E5E6FE1461526300EADB7A /* background.png */,
				B2E5E6FF1461526300EADB7A /* page.png */,
			);
			name = Resources;
			path = ../../Resources;
			sourceTree = "<group>";
		};
/* End PBXGroup section */

/* Begin PBXNativeTarget section */
		018BBC6313A37041005CA505 /* iCarouselMac */ = {
			isa = PBXNativeTarget;
			buildConfigurationList = 018BBC8213A37041005CA505 /* Build configuration list for PBXNativeTarget "iCarouselMac" */;
			buildPhases = (
				018BBC6013A37041005CA505 /* Sources */,
				018BBC6113A37041005CA505 /* Frameworks */,
				018BBC6213A37041005CA505 /* Resources */,
			);
			buildRules = (
			);
			dependencies = (
			);
			name = iCarouselMac;
			productName = iCarouselMac;
			productReference = 018BBC6413A37041005CA505 /* iCarouselMac.app */;
			productType = "com.apple.product-type.application";
		};
/* End PBXNativeTarget section */

/* Begin PBXProject section */
		018BBC5B13A37041005CA505 /* Project object */ = {
			isa = PBXProject;
			attributes = {
				LastUpgradeCheck = 0700;
			};
			buildConfigurationList = 018BBC5E13A37041005CA505 /* Build configuration list for PBXProject "iCarouselMac" */;
			compatibilityVersion = "Xcode 3.2";
			developmentRegion = English;
			hasScannedForEncodings = 0;
			knownRegions = (
				en,
			);
			mainGroup = 018BBC5913A37041005CA505;
			productRefGroup = 018BBC6513A37041005CA505 /* Products */;
			projectDirPath = "";
			projectRoot = "";
			targets = (
				018BBC6313A37041005CA505 /* iCarouselMac */,
			);
		};
/* End PBXProject section */

/* Begin PBXResourcesBuildPhase section */
		018BBC6213A37041005CA505 /* Resources */ = {
			isa = PBXResourcesBuildPhase;
			buildActionMask = 2147483647;
			files = (
				018BBC7313A37041005CA505 /* InfoPlist.strings in Resources */,
				018BBC7913A37041005CA505 /* Credits.rtf in Resources */,
				B2E5E6F3146151F900EADB7A /* MainMenu.xib in Resources */,
				B2E5E7001461526300EADB7A /* background.png in Resources */,
				B2E5E7011461526300EADB7A /* page.png in Resources */,
			);
			runOnlyForDeploymentPostprocessing = 0;
		};
/* End PBXResourcesBuildPhase section */

/* Begin PBXSourcesBuildPhase section */
		018BBC6013A37041005CA505 /* Sources */ = {
			isa = PBXSourcesBuildPhase;
			buildActionMask = 2147483647;
			files = (
				018BBC7613A37041005CA505 /* main.m in Sources */,
				018BBC7C13A37041005CA505 /* iCarouselMacAppDelegate.m in Sources */,
				018BBC9E13A37314005CA505 /* iCarouselWindowController.m in Sources */,
				B2E5E6FC1461524900EADB7A /* iCarousel.m in Sources */,
			);
			runOnlyForDeploymentPostprocessing = 0;
		};
/* End PBXSourcesBuildPhase section */

/* Begin PBXVariantGroup section */
		018BBC7113A37041005CA505 /* InfoPlist.strings */ = {
			isa = PBXVariantGroup;
			children = (
				018BBC7213A37041005CA505 /* en */,
			);
			name = InfoPlist.strings;
			sourceTree = "<group>";
		};
		018BBC7713A37041005CA505 /* Credits.rtf */ = {
			isa = PBXVariantGroup;
			children = (
				018BBC7813A37041005CA505 /* en */,
			);
			name = Credits.rtf;
			sourceTree = "<group>";
		};
		B2E5E6F1146151F900EADB7A /* MainMenu.xib */ = {
			isa = PBXVariantGroup;
			children = (
				B2E5E6F2146151F900EADB7A /* en */,
			);
			name = MainMenu.xib;
			sourceTree = "<group>";
		};
/* End PBXVariantGroup section */

/* Begin XCBuildConfiguration section */
		018BBC8013A37041005CA505 /* Debug */ = {
			isa = XCBuildConfiguration;
			buildSettings = {
				CLANG_WARN_BOOL_CONVERSION = YES;
				CLANG_WARN_CONSTANT_CONVERSION = YES;
				CLANG_WARN_CXX0X_EXTENSIONS = YES;
				CLANG_WARN_DEPRECATED_OBJC_IMPLEMENTATIONS = YES;
				CLANG_WARN_DOCUMENTATION_COMMENTS = YES;
				CLANG_WARN_EMPTY_BODY = YES;
				CLANG_WARN_ENUM_CONVERSION = YES;
				CLANG_WARN_IMPLICIT_SIGN_CONVERSION = YES;
				CLANG_WARN_INT_CONVERSION = YES;
				CLANG_WARN_OBJC_EXPLICIT_OWNERSHIP_TYPE = YES;
				CLANG_WARN_OBJC_IMPLICIT_ATOMIC_PROPERTIES = YES;
				CLANG_WARN_OBJC_IMPLICIT_RETAIN_SELF = YES;
				CLANG_WARN_OBJC_MISSING_PROPERTY_SYNTHESIS = YES;
				CLANG_WARN_OBJC_RECEIVER_WEAK = YES;
				CLANG_WARN_OBJC_REPEATED_USE_OF_WEAK = YES;
				CLANG_WARN_SUSPICIOUS_IMPLICIT_CONVERSION = YES;
				CLANG_WARN_UNREACHABLE_CODE = YES;
				CLANG_WARN__DUPLICATE_METHOD_MATCH = YES;
				CLANG_WARN__EXIT_TIME_DESTRUCTORS = YES;
				ENABLE_STRICT_OBJC_MSGSEND = YES;
				ENABLE_TESTABILITY = YES;
				GCC_C_LANGUAGE_STANDARD = gnu99;
				GCC_NO_COMMON_BLOCKS = YES;
				GCC_OPTIMIZATION_LEVEL = 0;
				GCC_PREPROCESSOR_DEFINITIONS = DEBUG;
				GCC_SHORT_ENUMS = YES;
				GCC_SYMBOLS_PRIVATE_EXTERN = NO;
				GCC_TREAT_IMPLICIT_FUNCTION_DECLARATIONS_AS_ERRORS = YES;
				GCC_TREAT_INCOMPATIBLE_POINTER_TYPE_WARNINGS_AS_ERRORS = YES;
				GCC_TREAT_WARNINGS_AS_ERRORS = YES;
				GCC_VERSION = com.apple.compilers.llvm.clang.1_0;
				GCC_WARN_64_TO_32_BIT_CONVERSION = YES;
				GCC_WARN_ABOUT_MISSING_FIELD_INITIALIZERS = YES;
				GCC_WARN_ABOUT_MISSING_NEWLINE = YES;
				GCC_WARN_ABOUT_MISSING_PROTOTYPES = YES;
				GCC_WARN_ABOUT_RETURN_TYPE = YES;
				GCC_WARN_FOUR_CHARACTER_CONSTANTS = YES;
				GCC_WARN_HIDDEN_VIRTUAL_FUNCTIONS = YES;
				GCC_WARN_INITIALIZER_NOT_FULLY_BRACKETED = YES;
				GCC_WARN_MULTIPLE_DEFINITION_TYPES_FOR_SELECTOR = YES;
				GCC_WARN_NON_VIRTUAL_DESTRUCTOR = YES;
				GCC_WARN_PEDANTIC = YES;
				GCC_WARN_SHADOW = YES;
				GCC_WARN_SIGN_COMPARE = YES;
				GCC_WARN_STRICT_SELECTOR_MATCH = YES;
				GCC_WARN_UNDECLARED_SELECTOR = YES;
				GCC_WARN_UNINITIALIZED_AUTOS = YES;
				GCC_WARN_UNKNOWN_PRAGMAS = YES;
				GCC_WARN_UNUSED_FUNCTION = YES;
				GCC_WARN_UNUSED_LABEL = YES;
				GCC_WARN_UNUSED_PARAMETER = YES;
				GCC_WARN_UNUSED_VARIABLE = YES;
				MACOSX_DEPLOYMENT_TARGET = 10.7;
				ONLY_ACTIVE_ARCH = YES;
				SDKROOT = macosx;
				VALID_ARCHS = x86_64;
				WARNING_CFLAGS = "-Weverything";
			};
			name = Debug;
		};
		018BBC8113A37041005CA505 /* Release */ = {
			isa = XCBuildConfiguration;
			buildSettings = {
				CLANG_WARN_BOOL_CONVERSION = YES;
				CLANG_WARN_CONSTANT_CONVERSION = YES;
				CLANG_WARN_CXX0X_EXTENSIONS = YES;
				CLANG_WARN_DEPRECATED_OBJC_IMPLEMENTATIONS = YES;
				CLANG_WARN_DOCUMENTATION_COMMENTS = YES;
				CLANG_WARN_EMPTY_BODY = YES;
				CLANG_WARN_ENUM_CONVERSION = YES;
				CLANG_WARN_IMPLICIT_SIGN_CONVERSION = YES;
				CLANG_WARN_INT_CONVERSION = YES;
				CLANG_WARN_OBJC_EXPLICIT_OWNERSHIP_TYPE = YES;
				CLANG_WARN_OBJC_IMPLICIT_ATOMIC_PROPERTIES = YES;
				CLANG_WARN_OBJC_IMPLICIT_RETAIN_SELF = YES;
				CLANG_WARN_OBJC_MISSING_PROPERTY_SYNTHESIS = YES;
				CLANG_WARN_OBJC_RECEIVER_WEAK = YES;
				CLANG_WARN_OBJC_REPEATED_USE_OF_WEAK = YES;
				CLANG_WARN_SUSPICIOUS_IMPLICIT_CONVERSION = YES;
				CLANG_WARN_UNREACHABLE_CODE = YES;
				CLANG_WARN__DUPLICATE_METHOD_MATCH = YES;
				CLANG_WARN__EXIT_TIME_DESTRUCTORS = YES;
				ENABLE_STRICT_OBJC_MSGSEND = YES;
				GCC_C_LANGUAGE_STANDARD = gnu99;
				GCC_NO_COMMON_BLOCKS = YES;
				GCC_SHORT_ENUMS = YES;
				GCC_TREAT_IMPLICIT_FUNCTION_DECLARATIONS_AS_ERRORS = YES;
				GCC_TREAT_INCOMPATIBLE_POINTER_TYPE_WARNINGS_AS_ERRORS = YES;
				GCC_TREAT_WARNINGS_AS_ERRORS = YES;
				GCC_VERSION = com.apple.compilers.llvm.clang.1_0;
				GCC_WARN_64_TO_32_BIT_CONVERSION = YES;
				GCC_WARN_ABOUT_MISSING_FIELD_INITIALIZERS = YES;
				GCC_WARN_ABOUT_MISSING_NEWLINE = YES;
				GCC_WARN_ABOUT_MISSING_PROTOTYPES = YES;
				GCC_WARN_ABOUT_RETURN_TYPE = YES;
				GCC_WARN_FOUR_CHARACTER_CONSTANTS = YES;
				GCC_WARN_HIDDEN_VIRTUAL_FUNCTIONS = YES;
				GCC_WARN_INITIALIZER_NOT_FULLY_BRACKETED = YES;
				GCC_WARN_MULTIPLE_DEFINITION_TYPES_FOR_SELECTOR = YES;
				GCC_WARN_NON_VIRTUAL_DESTRUCTOR = YES;
				GCC_WARN_PEDANTIC = YES;
				GCC_WARN_SHADOW = YES;
				GCC_WARN_SIGN_COMPARE = YES;
				GCC_WARN_STRICT_SELECTOR_MATCH = YES;
				GCC_WARN_UNDECLARED_SELECTOR = YES;
				GCC_WARN_UNINITIALIZED_AUTOS = YES;
				GCC_WARN_UNKNOWN_PRAGMAS = YES;
				GCC_WARN_UNUSED_FUNCTION = YES;
				GCC_WARN_UNUSED_LABEL = YES;
				GCC_WARN_UNUSED_PARAMETER = YES;
				GCC_WARN_UNUSED_VARIABLE = YES;
				MACOSX_DEPLOYMENT_TARGET = 10.7;
				SDKROOT = macosx;
				VALID_ARCHS = x86_64;
				WARNING_CFLAGS = "-Weverything";
			};
			name = Release;
		};
		018BBC8313A37041005CA505 /* Debug */ = {
			isa = XCBuildConfiguration;
			buildSettings = {
				ALWAYS_SEARCH_USER_PATHS = NO;
				CLANG_ENABLE_OBJC_ARC = YES;
				COMBINE_HIDPI_IMAGES = YES;
				COPY_PHASE_STRIP = NO;
				GCC_DYNAMIC_NO_PIC = NO;
				GCC_ENABLE_OBJC_EXCEPTIONS = YES;
				GCC_PRECOMPILE_PREFIX_HEADER = YES;
				GCC_PREFIX_HEADER = "iCarouselMac/iCarouselMac-Prefix.pch";
				INFOPLIST_FILE = "iCarouselMac/iCarouselMac-Info.plist";
				PRODUCT_BUNDLE_IDENTIFIER = "com.charcoaldesign.${PRODUCT_NAME:rfc1034identifier}";
				PRODUCT_NAME = "$(TARGET_NAME)";
				WRAPPER_EXTENSION = app;
			};
			name = Debug;
		};
		018BBC8413A37041005CA505 /* Release */ = {
			isa = XCBuildConfiguration;
			buildSettings = {
				ALWAYS_SEARCH_USER_PATHS = NO;
				CLANG_ENABLE_OBJC_ARC = YES;
				COMBINE_HIDPI_IMAGES = YES;
				COPY_PHASE_STRIP = YES;
				DEBUG_INFORMATION_FORMAT = "dwarf-with-dsym";
				GCC_ENABLE_OBJC_EXCEPTIONS = YES;
				GCC_PRECOMPILE_PREFIX_HEADER = YES;
				GCC_PREFIX_HEADER = "iCarouselMac/iCarouselMac-Prefix.pch";
				INFOPLIST_FILE = "iCarouselMac/iCarouselMac-Info.plist";
				PRODUCT_BUNDLE_IDENTIFIER = "com.charcoaldesign.${PRODUCT_NAME:rfc1034identifier}";
				PRODUCT_NAME = "$(TARGET_NAME)";
				WRAPPER_EXTENSION = app;
			};
			name = Release;
		};
/* End XCBuildConfiguration section */

/* Begin XCConfigurationList section */
		018BBC5E13A37041005CA505 /* Build configuration list for PBXProject "iCarouselMac" */ = {
			isa = XCConfigurationList;
			buildConfigurations = (
				018BBC8013A37041005CA505 /* Debug */,
				018BBC8113A37041005CA505 /* Release */,
			);
			defaultConfigurationIsVisible = 0;
			defaultConfigurationName = Release;
		};
		018BBC8213A37041005CA505 /* Build configuration list for PBXNativeTarget "iCarouselMac" */ = {
			isa = XCConfigurationList;
			buildConfigurations = (
				018BBC8313A37041005CA505 /* Debug */,
				018BBC8413A37041005CA505 /* Release */,
			);
			defaultConfigurationIsVisible = 0;
			defaultConfigurationName = Release;
		};
/* End XCConfigurationList section */
	};
	rootObject = 018BBC5B13A37041005CA505 /* Project object */;
}
